// !$*UTF8*$!
{
	archiveVersion = 1;
	classes = {
	};
	objectVersion = 55;
	objects = {

/* Begin PBXFileReference section */
		DA1ED50127439C9900C7BD2B /* AliAnalysisTaskPhiCount.cxx */ = {isa = PBXFileReference; lastKnownFileType = sourcecode.cpp.cpp; path = AliAnalysisTaskPhiCount.cxx; sourceTree = "<group>"; };
		DA1ED50227439C9900C7BD2B /* AliAnalysisTaskPhiCount.h */ = {isa = PBXFileReference; lastKnownFileType = sourcecode.c.h; path = AliAnalysisTaskPhiCount.h; sourceTree = "<group>"; };
		DA1ED50327439C9900C7BD2B /* AddAnalysisTaskPhiCount.C */ = {isa = PBXFileReference; lastKnownFileType = sourcecode.cpp.cpp; path = AddAnalysisTaskPhiCount.C; sourceTree = "<group>"; };
		DA1ED50427439C9900C7BD2B /* runAnalysis.C */ = {isa = PBXFileReference; lastKnownFileType = sourcecode.cpp.cpp; path = runAnalysis.C; sourceTree = "<group>"; };
/* End PBXFileReference section */

/* Begin PBXGroup section */
		DA1ED4F627439C7200C7BD2B = {
			isa = PBXGroup;
			children = (
				DA1ED50327439C9900C7BD2B /* AddAnalysisTaskPhiCount.C */,
				DA1ED50127439C9900C7BD2B /* AliAnalysisTaskPhiCount.cxx */,
				DA1ED50227439C9900C7BD2B /* AliAnalysisTaskPhiCount.h */,
				DA1ED50427439C9900C7BD2B /* runAnalysis.C */,
			);
			sourceTree = "<group>";
		};
/* End PBXGroup section */

/* Begin PBXProject section */
		DA1ED4F727439C7200C7BD2B /* Project object */ = {
			isa = PBXProject;
			attributes = {
				BuildIndependentTargetsInParallel = 1;
				LastUpgradeCheck = 1300;
			};
			buildConfigurationList = DA1ED4FA27439C7200C7BD2B /* Build configuration list for PBXProject "AliAnalysisTask" */;
			compatibilityVersion = "Xcode 13.0";
			developmentRegion = en;
			hasScannedForEncodings = 0;
			knownRegions = (
				en,
				Base,
			);
			mainGroup = DA1ED4F627439C7200C7BD2B;
			projectDirPath = "";
			projectRoot = "";
			targets = (
			);
		};
/* End PBXProject section */

/* Begin XCBuildConfiguration section */
		DA1ED4FB27439C7200C7BD2B /* Debug */ = {
			isa = XCBuildConfiguration;
			buildSettings = {
			};
			name = Debug;
		};
		DA1ED4FC27439C7200C7BD2B /* Release */ = {
			isa = XCBuildConfiguration;
			buildSettings = {
			};
			name = Release;
		};
/* End XCBuildConfiguration section */

/* Begin XCConfigurationList section */
		DA1ED4FA27439C7200C7BD2B /* Build configuration list for PBXProject "AliAnalysisTask" */ = {
			isa = XCConfigurationList;
			buildConfigurations = (
				DA1ED4FB27439C7200C7BD2B /* Debug */,
				DA1ED4FC27439C7200C7BD2B /* Release */,
			);
			defaultConfigurationIsVisible = 0;
			defaultConfigurationName = Release;
		};
/* End XCConfigurationList section */
	};
	rootObject = DA1ED4F727439C7200C7BD2B /* Project object */;
}
